
Microsoft Visual Studio Solution File, Format Version 12.00
# Visual Studio Version 17
VisualStudioVersion = 17.6.33723.286
MinimumVisualStudioVersion = 10.0.40219.1
Project("{FAE04EC0-301F-11D3-BF4B-00C04F79EFBC}") = "ST.Model", "ST.Model\ST.Model.csproj", "{B31441B5-9F14-4B0B-BD50-DBEC16D0E80A}"
EndProject
Project("{FAE04EC0-301F-11D3-BF4B-00C04F79EFBC}") = "ST.BusinessRules", "ST.BusinessRules\ST.BusinessRules.csproj", "{483ED9FB-7F05-461C-AD22-04168C3D5456}"
EndProject
Project("{FAE04EC0-301F-11D3-BF4B-00C04F79EFBC}") = "ST.DataAccess", "ST.DataAccess\ST.DataAccess.csproj", "{D76C20F5-F95A-498E-A593-F4380C44C197}"
EndProject
Global
	GlobalSection(SolutionConfigurationPlatforms) = preSolution
		Debug|Any CPU = Debug|Any CPU
		Release|Any CPU = Release|Any CPU
	EndGlobalSection
	GlobalSection(ProjectConfigurationPlatforms) = postSolution
		{B31441B5-9F14-4B0B-BD50-DBEC16D0E80A}.Debug|Any CPU.ActiveCfg = Debug|Any CPU
		{B31441B5-9F14-4B0B-BD50-DBEC16D0E80A}.Debug|Any CPU.Build.0 = Debug|Any CPU
		{B31441B5-9F14-4B0B-BD50-DBEC16D0E80A}.Release|Any CPU.ActiveCfg = Release|Any CPU
		{B31441B5-9F14-4B0B-BD50-DBEC16D0E80A}.Release|Any CPU.Build.0 = Release|Any CPU
		{483ED9FB-7F05-461C-AD22-04168C3D5456}.Debug|Any CPU.ActiveCfg = Debug|Any CPU
		{483ED9FB-7F05-461C-AD22-04168C3D5456}.Debug|Any CPU.Build.0 = Debug|Any CPU
		{483ED9FB-7F05-461C-AD22-04168C3D5456}.Release|Any CPU.ActiveCfg = Release|Any CPU
		{483ED9FB-7F05-461C-AD22-04168C3D5456}.Release|Any CPU.Build.0 = Release|Any CPU
		{D76C20F5-F95A-498E-A593-F4380C44C197}.Debug|Any CPU.ActiveCfg = Debug|Any CPU
		{D76C20F5-F95A-498E-A593-F4380C44C197}.Debug|Any CPU.Build.0 = Debug|Any CPU
		{D76C20F5-F95A-498E-A593-F4380C44C197}.Release|Any CPU.ActiveCfg = Release|Any CPU
		{D76C20F5-F95A-498E-A593-F4380C44C197}.Release|Any CPU.Build.0 = Release|Any CPU
	EndGlobalSection
	GlobalSection(SolutionProperties) = preSolution
		HideSolutionNode = FALSE
	EndGlobalSection
	GlobalSection(ExtensibilityGlobals) = postSolution
		SolutionGuid = {BFFB0AE5-DFA6-43B7-86C3-E6942A8CC9AC}
	EndGlobalSection
EndGlobal
